
Microsoft Visual Studio Solution File, Format Version 12.00
# Visual Studio Version 16
VisualStudioVersion = 16.0.30621.155
MinimumVisualStudioVersion = 10.0.40219.1
Project("{9A19103F-16F7-4668-BE54-9A1E7A4F7556}") = "BookStore-API", "BookStore-API\BookStore-API.csproj", "{8DC94A97-6A9F-4B99-9C3E-DB22B70D927B}"
EndProject
Project("{9A19103F-16F7-4668-BE54-9A1E7A4F7556}") = "BookStore-UI", "BookStore-UI\BookStore-UI.csproj", "{465FC81B-11EC-4F59-9A94-A158AD97C49A}"
EndProject
Global
	GlobalSection(SolutionConfigurationPlatforms) = preSolution
		Debug|Any CPU = Debug|Any CPU
		Release|Any CPU = Release|Any CPU
	EndGlobalSection
	GlobalSection(ProjectConfigurationPlatforms) = postSolution
		{8DC94A97-6A9F-4B99-9C3E-DB22B70D927B}.Debug|Any CPU.ActiveCfg = Debug|Any CPU
		{8DC94A97-6A9F-4B99-9C3E-DB22B70D927B}.Debug|Any CPU.Build.0 = Debug|Any CPU
		{8DC94A97-6A9F-4B99-9C3E-DB22B70D927B}.Release|Any CPU.ActiveCfg = Release|Any CPU
		{8DC94A97-6A9F-4B99-9C3E-DB22B70D927B}.Release|Any CPU.Build.0 = Release|Any CPU
		{465FC81B-11EC-4F59-9A94-A158AD97C49A}.Debug|Any CPU.ActiveCfg = Debug|Any CPU
		{465FC81B-11EC-4F59-9A94-A158AD97C49A}.Debug|Any CPU.Build.0 = Debug|Any CPU
		{465FC81B-11EC-4F59-9A94-A158AD97C49A}.Release|Any CPU.ActiveCfg = Release|Any CPU
		{465FC81B-11EC-4F59-9A94-A158AD97C49A}.Release|Any CPU.Build.0 = Release|Any CPU
	EndGlobalSection
	GlobalSection(SolutionProperties) = preSolution
		HideSolutionNode = FALSE
	EndGlobalSection
	GlobalSection(ExtensibilityGlobals) = postSolution
		SolutionGuid = {EFF1679F-306D-42A4-91F4-0C0ABE044114}
	EndGlobalSection
EndGlobal
